
Microsoft Visual Studio Solution File, Format Version 12.00
# Visual Studio Version 16
VisualStudioVersion = 16.0.31112.23
MinimumVisualStudioVersion = 10.0.40219.1
Project("{FAE04EC0-301F-11D3-BF4B-00C04F79EFBC}") = "BeautyBe.API", "BeautyBe.API\BeautyBe.API.csproj", "{659D3F6B-E7CF-42C3-BAD1-FF9C0B0302B1}"
EndProject
Project("{FAE04EC0-301F-11D3-BF4B-00C04F79EFBC}") = "BeautyBe.Core", "BeautyBe.Core\BeautyBe.Core.csproj", "{FFAD475A-3D50-4961-B188-5DE1BCBE9199}"
EndProject
Project("{FAE04EC0-301F-11D3-BF4B-00C04F79EFBC}") = "BeautyBe.DataAccess", "BeautyBe.DataAccess\BeautyBe.DataAccess.csproj", "{70F89A09-56CA-43DD-8415-2CAAFE7B3762}"
EndProject
Project("{FAE04EC0-301F-11D3-BF4B-00C04F79EFBC}") = "BeautyBe.Service", "BeautyBe.Service\BeautyBe.Service.csproj", "{D1E06D91-BF96-4651-AF60-8B647FDCC54F}"
EndProject
Project("{FAE04EC0-301F-11D3-BF4B-00C04F79EFBC}") = "BeautyBe.Logging", "BeautyBe.Logging\BeautyBe.Logging.csproj", "{49CFDA87-A3F9-4D54-9BA4-B9A6FB2711B2}"
EndProject
Global
	GlobalSection(SolutionConfigurationPlatforms) = preSolution
		Debug|Any CPU = Debug|Any CPU
		Release|Any CPU = Release|Any CPU
	EndGlobalSection
	GlobalSection(ProjectConfigurationPlatforms) = postSolution
		{659D3F6B-E7CF-42C3-BAD1-FF9C0B0302B1}.Debug|Any CPU.ActiveCfg = Debug|Any CPU
		{659D3F6B-E7CF-42C3-BAD1-FF9C0B0302B1}.Debug|Any CPU.Build.0 = Debug|Any CPU
		{659D3F6B-E7CF-42C3-BAD1-FF9C0B0302B1}.Release|Any CPU.ActiveCfg = Release|Any CPU
		{659D3F6B-E7CF-42C3-BAD1-FF9C0B0302B1}.Release|Any CPU.Build.0 = Release|Any CPU
		{FFAD475A-3D50-4961-B188-5DE1BCBE9199}.Debug|Any CPU.ActiveCfg = Debug|Any CPU
		{FFAD475A-3D50-4961-B188-5DE1BCBE9199}.Debug|Any CPU.Build.0 = Debug|Any CPU
		{FFAD475A-3D50-4961-B188-5DE1BCBE9199}.Release|Any CPU.ActiveCfg = Release|Any CPU
		{FFAD475A-3D50-4961-B188-5DE1BCBE9199}.Release|Any CPU.Build.0 = Release|Any CPU
		{70F89A09-56CA-43DD-8415-2CAAFE7B3762}.Debug|Any CPU.ActiveCfg = Debug|Any CPU
		{70F89A09-56CA-43DD-8415-2CAAFE7B3762}.Debug|Any CPU.Build.0 = Debug|Any CPU
		{70F89A09-56CA-43DD-8415-2CAAFE7B3762}.Release|Any CPU.ActiveCfg = Release|Any CPU
		{70F89A09-56CA-43DD-8415-2CAAFE7B3762}.Release|Any CPU.Build.0 = Release|Any CPU
		{D1E06D91-BF96-4651-AF60-8B647FDCC54F}.Debug|Any CPU.ActiveCfg = Debug|Any CPU
		{D1E06D91-BF96-4651-AF60-8B647FDCC54F}.Debug|Any CPU.Build.0 = Debug|Any CPU
		{D1E06D91-BF96-4651-AF60-8B647FDCC54F}.Release|Any CPU.ActiveCfg = Release|Any CPU
		{D1E06D91-BF96-4651-AF60-8B647FDCC54F}.Release|Any CPU.Build.0 = Release|Any CPU
		{49CFDA87-A3F9-4D54-9BA4-B9A6FB2711B2}.Debug|Any CPU.ActiveCfg = Debug|Any CPU
		{49CFDA87-A3F9-4D54-9BA4-B9A6FB2711B2}.Debug|Any CPU.Build.0 = Debug|Any CPU
		{49CFDA87-A3F9-4D54-9BA4-B9A6FB2711B2}.Release|Any CPU.ActiveCfg = Release|Any CPU
		{49CFDA87-A3F9-4D54-9BA4-B9A6FB2711B2}.Release|Any CPU.Build.0 = Release|Any CPU
	EndGlobalSection
	GlobalSection(SolutionProperties) = preSolution
		HideSolutionNode = FALSE
	EndGlobalSection
	GlobalSection(ExtensibilityGlobals) = postSolution
		SolutionGuid = {691A3576-88D2-4A85-A529-EF111F2282AA}
	EndGlobalSection
EndGlobal
